
Microsoft Visual Studio Solution File, Format Version 12.00
# Visual Studio 15
VisualStudioVersion = 15.0.28010.2016
MinimumVisualStudioVersion = 10.0.40219.1
Project("{FAE04EC0-301F-11D3-BF4B-00C04F79EFBC}") = "Order", "homework6\Order.csproj", "{25EE874F-2873-48CA-9343-439BA814B0FB}"
EndProject
Project("{FAE04EC0-301F-11D3-BF4B-00C04F79EFBC}") = "OrderTest", "OrderTest\OrderTest.csproj", "{4624A2DF-0BD3-4D1D-B566-09F658555D22}"
EndProject
Global
	GlobalSection(SolutionConfigurationPlatforms) = preSolution
		Debug|Any CPU = Debug|Any CPU
		Release|Any CPU = Release|Any CPU
	EndGlobalSection
	GlobalSection(ProjectConfigurationPlatforms) = postSolution
		{25EE874F-2873-48CA-9343-439BA814B0FB}.Debug|Any CPU.ActiveCfg = Debug|Any CPU
		{25EE874F-2873-48CA-9343-439BA814B0FB}.Debug|Any CPU.Build.0 = Debug|Any CPU
		{25EE874F-2873-48CA-9343-439BA814B0FB}.Release|Any CPU.ActiveCfg = Release|Any CPU
		{25EE874F-2873-48CA-9343-439BA814B0FB}.Release|Any CPU.Build.0 = Release|Any CPU
		{4624A2DF-0BD3-4D1D-B566-09F658555D22}.Debug|Any CPU.ActiveCfg = Debug|Any CPU
		{4624A2DF-0BD3-4D1D-B566-09F658555D22}.Debug|Any CPU.Build.0 = Debug|Any CPU
		{4624A2DF-0BD3-4D1D-B566-09F658555D22}.Release|Any CPU.ActiveCfg = Release|Any CPU
		{4624A2DF-0BD3-4D1D-B566-09F658555D22}.Release|Any CPU.Build.0 = Release|Any CPU
	EndGlobalSection
	GlobalSection(SolutionProperties) = preSolution
		HideSolutionNode = FALSE
	EndGlobalSection
	GlobalSection(ExtensibilityGlobals) = postSolution
		SolutionGuid = {08F30616-AA9B-4200-89AA-2958C7F37F3F}
	EndGlobalSection
EndGlobal
